<?xml version="1.0" encoding="utf-8"?>
<Project ToolsVersion="4.0" xmlns="http://schemas.microsoft.com/developer/msbuild/2003">
  <ItemGroup>
    <Filter Include="Resource Files">
      <UniqueIdentifier>{67DA6AB6-F800-4c08-8B7A-83BB121AAD01}</UniqueIdentifier>
      <Extensions>rc;ico;cur;bmp;dlg;rc2;rct;bin;rgs;gif;jpg;jpeg;jpe;resx;tiff;tif;png;wav;mfcribbon-ms</Extensions>
    </Filter>
    <Filter Include="Khronos Headers">
      <UniqueIdentifier>{7f4efba0-88c1-40e2-b996-0934bbc3c1a6}</UniqueIdentifier>
    </Filter>
    <Filter Include="Source">
      <UniqueIdentifier>{9e5644d6-fb8c-45fc-ab85-7771941442d2}</UniqueIdentifier>
    </Filter>
    <Filter Include="Headers">
      <UniqueIdentifier>{d3f47b85-5554-48f0-8334-686518ada9ed}</UniqueIdentifier>
    </Filter>
  </ItemGroup>
  <ItemGroup>
    <ClCompile Include="Source\Application.c">
      <Filter>Source</Filter>
    </ClCompile>
    <ClCompile Include="Source\Camera.c">
      <Filter>Source</Filter>
    </ClCompile>
    <ClCompile Include="Source\Entity.c">
      <Filter>Source</Filter>
    </ClCompile>
    <ClCompile Include="Source\EntityQueue.c">
      <Filter>Source</Filter>
    </ClCompile>
    <ClCompile Include="Source\Float2D.c">
      <Filter>Source</Filter>
    </ClCompile>
    <ClCompile Include="Source\Int2D.c">
      <Filter>Source</Filter>
    </ClCompile>
    <ClCompile Include="Source\Main.c">
      <Filter>Source</Filter>
    </ClCompile>
    <ClCompile Include="Source\Overhead.c">
      <Filter>Source</Filter>
    </ClCompile>
    <ClCompile Include="Source\Utils.c">
      <Filter>Source</Filter>
    </ClCompile>
    <ClCompile Include="Source\Viewport.c">
      <Filter>Source</Filter>
    </ClCompile>
    <ClCompile Include="Source\World.c">
      <Filter>Source</Filter>
    </ClCompile>
  </ItemGroup>
  <ItemGroup>
    <ClInclude Include="Headers\World.h">
      <Filter>Headers</Filter>
    </ClInclude>
    <ClInclude Include="Headers\Application.h">
      <Filter>Headers</Filter>
    </ClInclude>
    <ClInclude Include="Headers\Camera.h">
      <Filter>Headers</Filter>
    </ClInclude>
    <ClInclude Include="Headers\Entity.h">
      <Filter>Headers</Filter>
    </ClInclude>
    <ClInclude Include="Headers\EntityQueue.h">
      <Filter>Headers</Filter>
    </ClInclude>
    <ClInclude Include="Headers\Float2D.h">
      <Filter>Headers</Filter>
    </ClInclude>
    <ClInclude Include="Headers\Int2D.h">
      <Filter>Headers</Filter>
    </ClInclude>
    <ClInclude Include="Headers\Overhead.h">
      <Filter>Headers</Filter>
    </ClInclude>
    <ClInclude Include="Headers\TrigConstants.h">
      <Filter>Headers</Filter>
    </ClInclude>
    <ClInclude Include="Headers\Utils.h">
      <Filter>Headers</Filter>
    </ClInclude>
    <ClInclude Include="Headers\Viewport.h">
      <Filter>Headers</Filter>
    </ClInclude>
  </ItemGroup>
</Project>